<?xml version="1.0" encoding="utf-8"?>
<Project ToolsVersion="4.0" xmlns="http://schemas.microsoft.com/developer/msbuild/2003">
  <ItemGroup>
    <Filter Include="business">
      <UniqueIdentifier>{05e463f9-d9bb-45aa-9530-ff70b1c1b347}</UniqueIdentifier>
    </Filter>
    <Filter Include="db">
      <UniqueIdentifier>{21587920-208e-491c-bf99-2046816456e4}</UniqueIdentifier>
    </Filter>
    <Filter Include="lottery">
      <UniqueIdentifier>{39e4edb4-0652-465b-a6db-a32dfa07af4b}</UniqueIdentifier>
    </Filter>
  </ItemGroup>
  <ItemGroup>
    <ClCompile Include="business\NetAgent.cpp">
      <Filter>business</Filter>
    </ClCompile>
    <ClCompile Include="business\NetManager.cpp">
      <Filter>business</Filter>
    </ClCompile>
    <ClCompile Include="business\TaskAgent.cpp">
      <Filter>business</Filter>
    </ClCompile>
    <ClCompile Include="business\TaskManager.cpp">
      <Filter>business</Filter>
    </ClCompile>
    <ClCompile Include="db\db.cpp">
      <Filter>db</Filter>
    </ClCompile>
    <ClCompile Include="db\db_wrapper.cpp">
      <Filter>db</Filter>
    </ClCompile>
    <ClCompile Include="lottery\lottery.cpp">
      <Filter>lottery</Filter>
    </ClCompile>
    <ClCompile Include="routine.cpp" />
    <ClCompile Include="scheme_generator.cpp" />
    <ClCompile Include="stdafx.cpp" />
  </ItemGroup>
  <ItemGroup>
    <ClInclude Include="business\NetAgent.h">
      <Filter>business</Filter>
    </ClInclude>
    <ClInclude Include="business\NetDefine.h">
      <Filter>business</Filter>
    </ClInclude>
    <ClInclude Include="business\NetManager.h">
      <Filter>business</Filter>
    </ClInclude>
    <ClInclude Include="business\TaskAgent.h">
      <Filter>business</Filter>
    </ClInclude>
    <ClInclude Include="business\TaskDefine.h">
      <Filter>business</Filter>
    </ClInclude>
    <ClInclude Include="business\TaskManager.h">
      <Filter>business</Filter>
    </ClInclude>
    <ClInclude Include="db\db.h">
      <Filter>db</Filter>
    </ClInclude>
    <ClInclude Include="db\db_wrapper.h">
      <Filter>db</Filter>
    </ClInclude>
    <ClInclude Include="lottery\lottery.h">
      <Filter>lottery</Filter>
    </ClInclude>
    <ClInclude Include="lottery\lottery.hpp">
      <Filter>lottery</Filter>
    </ClInclude>
    <ClInclude Include="lottery\lottery_11x5.hpp">
      <Filter>lottery</Filter>
    </ClInclude>
    <ClInclude Include="lottery\lottery_3d.hpp">
      <Filter>lottery</Filter>
    </ClInclude>
    <ClInclude Include="lottery\lottery_k3.hpp">
      <Filter>lottery</Filter>
    </ClInclude>
    <ClInclude Include="lottery\lottery_pk10.hpp">
      <Filter>lottery</Filter>
    </ClInclude>
    <ClInclude Include="lottery\lottery_pl35.hpp">
      <Filter>lottery</Filter>
    </ClInclude>
    <ClInclude Include="lottery\lottery_ssc.hpp">
      <Filter>lottery</Filter>
    </ClInclude>
    <ClInclude Include="routine.h" />
    <ClInclude Include="stdafx.h" />
    <ClInclude Include="targetver.h" />
  </ItemGroup>
</Project>