<?xml version="1.0" encoding="utf-8"?>
<Project ToolsVersion="4.0" xmlns="http://schemas.microsoft.com/developer/msbuild/2003">
  <ItemGroup>
    <Filter Include="core">
      <UniqueIdentifier>{37f22c94-07a1-4077-ba8d-ffa1ed3da062}</UniqueIdentifier>
    </Filter>
    <Filter Include="core\os">
      <UniqueIdentifier>{e4510af8-eb06-40af-a156-913e22feb659}</UniqueIdentifier>
    </Filter>
    <Filter Include="core\string">
      <UniqueIdentifier>{bf475610-a983-4004-9e7c-0cafe5192caa}</UniqueIdentifier>
    </Filter>
    <Filter Include="core\zip">
      <UniqueIdentifier>{f2882410-0757-4214-9693-c19c1dd9eb90}</UniqueIdentifier>
    </Filter>
    <Filter Include="core\zip\zipunzip">
      <UniqueIdentifier>{a31133d6-5420-4c56-99c8-1f6086250b51}</UniqueIdentifier>
    </Filter>
    <Filter Include="core\zip\miniz">
      <UniqueIdentifier>{c27f4478-4f96-4c4c-89f3-62d9a80f68f5}</UniqueIdentifier>
    </Filter>
    <Filter Include="core\crypto">
      <UniqueIdentifier>{c9c3d357-790f-47f8-9526-7a4663a8e47c}</UniqueIdentifier>
    </Filter>
    <Filter Include="core\math">
      <UniqueIdentifier>{e7d770b6-a79a-41ff-9cd1-4662c8893de2}</UniqueIdentifier>
    </Filter>
    <Filter Include="core\lock">
      <UniqueIdentifier>{d0cda066-40dc-4a7f-8cda-72ff2ad69f04}</UniqueIdentifier>
    </Filter>
    <Filter Include="core\thread">
      <UniqueIdentifier>{efd58eb5-3ac9-451f-a768-74dde1c8c38a}</UniqueIdentifier>
    </Filter>
    <Filter Include="core\logger">
      <UniqueIdentifier>{ad039f9a-efba-4594-8eaf-6c723cdc80fb}</UniqueIdentifier>
    </Filter>
    <Filter Include="core\net">
      <UniqueIdentifier>{5c60562f-e5d6-4f4d-a8c5-59461b6160cf}</UniqueIdentifier>
    </Filter>
    <Filter Include="core\time">
      <UniqueIdentifier>{0a142ddc-2d9d-4d96-8e6d-de60ebe964e1}</UniqueIdentifier>
    </Filter>
    <Filter Include="core\registry">
      <UniqueIdentifier>{abedafd0-4622-47fb-a190-0859176b1b51}</UniqueIdentifier>
    </Filter>
    <Filter Include="core\process">
      <UniqueIdentifier>{98d4e235-8cc9-4d26-b566-cf67677a31ab}</UniqueIdentifier>
    </Filter>
    <Filter Include="core\xml">
      <UniqueIdentifier>{e0da024a-1a79-4c65-89ba-e9609eafebb9}</UniqueIdentifier>
    </Filter>
    <Filter Include="core\json">
      <UniqueIdentifier>{12b502fd-b86e-4524-a4fa-3441a3b27615}</UniqueIdentifier>
    </Filter>
    <Filter Include="utils">
      <UniqueIdentifier>{09e6c49e-015d-419d-aa07-1d58ea53db4d}</UniqueIdentifier>
    </Filter>
    <Filter Include="core\task">
      <UniqueIdentifier>{e41906fc-eb6c-416a-a753-3ffad9954a96}</UniqueIdentifier>
    </Filter>
  </ItemGroup>
  <ItemGroup>
    <ClCompile Include="src\core\mmr.cpp">
      <Filter>core</Filter>
    </ClCompile>
    <ClCompile Include="src\core\os\os.cpp">
      <Filter>core\os</Filter>
    </ClCompile>
    <ClCompile Include="src\core\zip\zip_x.cpp">
      <Filter>core\zip</Filter>
    </ClCompile>
    <ClCompile Include="src\core\zip\zipunzip\unzip.cpp">
      <Filter>core\zip\zipunzip</Filter>
    </ClCompile>
    <ClCompile Include="src\core\zip\zipunzip\zip.cpp">
      <Filter>core\zip\zipunzip</Filter>
    </ClCompile>
    <ClCompile Include="src\core\zip\miniz\mzip.cpp">
      <Filter>core\zip\miniz</Filter>
    </ClCompile>
    <ClCompile Include="src\core\crypto\aes.c">
      <Filter>core\crypto</Filter>
    </ClCompile>
    <ClCompile Include="src\core\crypto\base64.c">
      <Filter>core\crypto</Filter>
    </ClCompile>
    <ClCompile Include="src\core\crypto\cipher_def.c">
      <Filter>core\crypto</Filter>
    </ClCompile>
    <ClCompile Include="src\core\crypto\crypto.cpp">
      <Filter>core\crypto</Filter>
    </ClCompile>
    <ClCompile Include="src\core\crypto\des.c">
      <Filter>core\crypto</Filter>
    </ClCompile>
    <ClCompile Include="src\core\crypto\md5.c">
      <Filter>core\crypto</Filter>
    </ClCompile>
    <ClCompile Include="src\core\crypto\sha1.c">
      <Filter>core\crypto</Filter>
    </ClCompile>
    <ClCompile Include="src\core\crypto\sha256.c">
      <Filter>core\crypto</Filter>
    </ClCompile>
    <ClCompile Include="src\core\crypto\url_encode.c">
      <Filter>core\crypto</Filter>
    </ClCompile>
    <ClCompile Include="src\core\math\math.cpp">
      <Filter>core\math</Filter>
    </ClCompile>
    <ClCompile Include="src\core\lock\lock.cpp">
      <Filter>core\lock</Filter>
    </ClCompile>
    <ClCompile Include="src\core\thread\idle_thread.cpp">
      <Filter>core\thread</Filter>
    </ClCompile>
    <ClCompile Include="src\core\thread\thread.cpp">
      <Filter>core\thread</Filter>
    </ClCompile>
    <ClCompile Include="src\core\logger\logger.cpp">
      <Filter>core\logger</Filter>
    </ClCompile>
    <ClCompile Include="src\core\net\httpclient.cpp">
      <Filter>core\net</Filter>
    </ClCompile>
    <ClCompile Include="src\core\time\timer.cpp">
      <Filter>core\time</Filter>
    </ClCompile>
    <ClCompile Include="src\core\registry\registry.cpp">
      <Filter>core\registry</Filter>
    </ClCompile>
    <ClCompile Include="src\core\process\process.cpp">
      <Filter>core\process</Filter>
    </ClCompile>
    <ClCompile Include="src\core\xml\xml.cpp">
      <Filter>core\xml</Filter>
    </ClCompile>
    <ClCompile Include="src\core\json\json_x.cpp">
      <Filter>core\json</Filter>
    </ClCompile>
    <ClCompile Include="src\utils\cmdline.cpp">
      <Filter>utils</Filter>
    </ClCompile>
    <ClCompile Include="src\utils\utils.cpp">
      <Filter>utils</Filter>
    </ClCompile>
    <ClCompile Include="src\dllmain.cpp" />
    <ClCompile Include="src\libls.cpp" />
    <ClCompile Include="src\stdafx.cpp" />
    <ClCompile Include="src\core\string\strtool.cpp">
      <Filter>core\string</Filter>
    </ClCompile>
    <ClCompile Include="src\utils\cfghandler.cpp">
      <Filter>utils</Filter>
    </ClCompile>
    <ClCompile Include="src\core\task\TaskAgent.cpp">
      <Filter>core\task</Filter>
    </ClCompile>
    <ClCompile Include="src\core\task\TaskManager.cpp">
      <Filter>core\task</Filter>
    </ClCompile>
    <ClCompile Include="src\core\crypto\sha224.c">
      <Filter>core\crypto</Filter>
    </ClCompile>
    <ClCompile Include="src\core\crypto\sha384.c">
      <Filter>core\crypto</Filter>
    </ClCompile>
    <ClCompile Include="src\core\crypto\sha512.c">
      <Filter>core\crypto</Filter>
    </ClCompile>
  </ItemGroup>
  <ItemGroup>
    <ClInclude Include="src\core\mmr.h">
      <Filter>core</Filter>
    </ClInclude>
    <ClInclude Include="src\core\type.h">
      <Filter>core</Filter>
    </ClInclude>
    <ClInclude Include="src\core\os\os.h">
      <Filter>core\os</Filter>
    </ClInclude>
    <ClInclude Include="src\core\zip\zip_x.h">
      <Filter>core\zip</Filter>
    </ClInclude>
    <ClInclude Include="src\core\zip\zipunzip\unzip.h">
      <Filter>core\zip\zipunzip</Filter>
    </ClInclude>
    <ClInclude Include="src\core\zip\zipunzip\zip.h">
      <Filter>core\zip\zipunzip</Filter>
    </ClInclude>
    <ClInclude Include="src\core\zip\miniz\miniz.h">
      <Filter>core\zip\miniz</Filter>
    </ClInclude>
    <ClInclude Include="src\core\zip\miniz\mzip.h">
      <Filter>core\zip\miniz</Filter>
    </ClInclude>
    <ClInclude Include="src\core\crypto\aes.h">
      <Filter>core\crypto</Filter>
    </ClInclude>
    <ClInclude Include="src\core\crypto\base64.h">
      <Filter>core\crypto</Filter>
    </ClInclude>
    <ClInclude Include="src\core\crypto\cipher_def.h">
      <Filter>core\crypto</Filter>
    </ClInclude>
    <ClInclude Include="src\core\crypto\crypto.h">
      <Filter>core\crypto</Filter>
    </ClInclude>
    <ClInclude Include="src\core\crypto\des.h">
      <Filter>core\crypto</Filter>
    </ClInclude>
    <ClInclude Include="src\core\crypto\md5.h">
      <Filter>core\crypto</Filter>
    </ClInclude>
    <ClInclude Include="src\core\crypto\sha1.h">
      <Filter>core\crypto</Filter>
    </ClInclude>
    <ClInclude Include="src\core\crypto\sha256.h">
      <Filter>core\crypto</Filter>
    </ClInclude>
    <ClInclude Include="src\core\crypto\url_encode.h">
      <Filter>core\crypto</Filter>
    </ClInclude>
    <ClInclude Include="src\core\math\math.h">
      <Filter>core\math</Filter>
    </ClInclude>
    <ClInclude Include="src\core\lock\lock.h">
      <Filter>core\lock</Filter>
    </ClInclude>
    <ClInclude Include="src\core\thread\idle_thread.h">
      <Filter>core\thread</Filter>
    </ClInclude>
    <ClInclude Include="src\core\thread\thread.h">
      <Filter>core\thread</Filter>
    </ClInclude>
    <ClInclude Include="src\core\logger\logger.h">
      <Filter>core\logger</Filter>
    </ClInclude>
    <ClInclude Include="src\core\net\httpclient.h">
      <Filter>core\net</Filter>
    </ClInclude>
    <ClInclude Include="src\core\time\timer.h">
      <Filter>core\time</Filter>
    </ClInclude>
    <ClInclude Include="src\core\registry\registry.h">
      <Filter>core\registry</Filter>
    </ClInclude>
    <ClInclude Include="src\core\process\process.h">
      <Filter>core\process</Filter>
    </ClInclude>
    <ClInclude Include="src\core\xml\xml.h">
      <Filter>core\xml</Filter>
    </ClInclude>
    <ClInclude Include="src\core\json\json_x.h">
      <Filter>core\json</Filter>
    </ClInclude>
    <ClInclude Include="src\utils\cmdline.h">
      <Filter>utils</Filter>
    </ClInclude>
    <ClInclude Include="src\utils\utils.h">
      <Filter>utils</Filter>
    </ClInclude>
    <ClInclude Include="src\libls.h" />
    <ClInclude Include="src\stdafx.h" />
    <ClInclude Include="src\targetver.h" />
    <ClInclude Include="src\core\string\strtool.h">
      <Filter>core\string</Filter>
    </ClInclude>
    <ClInclude Include="src\utils\cfghandler.h">
      <Filter>utils</Filter>
    </ClInclude>
    <ClInclude Include="src\core\task\TaskAgent.h">
      <Filter>core\task</Filter>
    </ClInclude>
    <ClInclude Include="src\core\task\TaskDefine.h">
      <Filter>core\task</Filter>
    </ClInclude>
    <ClInclude Include="src\core\task\TaskManager.h">
      <Filter>core\task</Filter>
    </ClInclude>
    <ClInclude Include="src\core\crypto\sha224.h">
      <Filter>core\crypto</Filter>
    </ClInclude>
    <ClInclude Include="src\core\crypto\sha384.h">
      <Filter>core\crypto</Filter>
    </ClInclude>
    <ClInclude Include="src\core\crypto\sha512.h">
      <Filter>core\crypto</Filter>
    </ClInclude>
  </ItemGroup>
  <ItemGroup>
    <Text Include="ReadMe.txt" />
  </ItemGroup>
</Project>